
Microsoft Visual Studio Solution File, Format Version 12.00
# Visual Studio Version 17
VisualStudioVersion = 17.3.32825.248
MinimumVisualStudioVersion = 10.0.40219.1
Project("{9A19103F-16F7-4668-BE54-9A1E7A4F7556}") = "JAP.Api", "Api\JAP.Api.csproj", "{14A500E1-84A3-4527-899C-6069CED0F6B5}"
EndProject
Project("{9A19103F-16F7-4668-BE54-9A1E7A4F7556}") = "JAP.Common", "JAP.Common\JAP.Common.csproj", "{9DAE2031-AF05-470B-B0F7-C331500D5CD0}"
EndProject
Project("{9A19103F-16F7-4668-BE54-9A1E7A4F7556}") = "JAP.Core", "JAP.Core\JAP.Core.csproj", "{E12A9E62-3561-4F34-95A4-C2C5964E29F4}"
EndProject
Project("{9A19103F-16F7-4668-BE54-9A1E7A4F7556}") = "JAP.Database", "JAP.Database\JAP.Database.csproj", "{FEC5BACC-5FC5-41F4-B293-26E6590B438A}"
EndProject
Project("{9A19103F-16F7-4668-BE54-9A1E7A4F7556}") = "JAP.Infrastructure", "JAP.Infrastructure\JAP.Infrastructure.csproj", "{804B9ECB-C38C-4037-9275-5A0AAD5AA770}"
EndProject
Project("{9A19103F-16F7-4668-BE54-9A1E7A4F7556}") = "JAP.Repositories", "JAP.Repositories\JAP.Repositories.csproj", "{0EB771E5-1635-4F8C-872A-E0DA26C8E3CB}"
EndProject
Project("{9A19103F-16F7-4668-BE54-9A1E7A4F7556}") = "JAP.Services", "JAP.Services\JAP.Services.csproj", "{1541BB35-0F11-4B2B-9D31-6520F77C495E}"
EndProject
Project("{FAE04EC0-301F-11D3-BF4B-00C04F79EFBC}") = "JAP.DateTests", "DateTests\JAP.DateTests.csproj", "{35C1990D-BA14-4697-93F3-11820293875B}"
EndProject
Global
	GlobalSection(SolutionConfigurationPlatforms) = preSolution
		Debug|Any CPU = Debug|Any CPU
		Release|Any CPU = Release|Any CPU
	EndGlobalSection
	GlobalSection(ProjectConfigurationPlatforms) = postSolution
		{14A500E1-84A3-4527-899C-6069CED0F6B5}.Debug|Any CPU.ActiveCfg = Debug|Any CPU
		{14A500E1-84A3-4527-899C-6069CED0F6B5}.Debug|Any CPU.Build.0 = Debug|Any CPU
		{14A500E1-84A3-4527-899C-6069CED0F6B5}.Release|Any CPU.ActiveCfg = Release|Any CPU
		{14A500E1-84A3-4527-899C-6069CED0F6B5}.Release|Any CPU.Build.0 = Release|Any CPU
		{9DAE2031-AF05-470B-B0F7-C331500D5CD0}.Debug|Any CPU.ActiveCfg = Debug|Any CPU
		{9DAE2031-AF05-470B-B0F7-C331500D5CD0}.Debug|Any CPU.Build.0 = Debug|Any CPU
		{9DAE2031-AF05-470B-B0F7-C331500D5CD0}.Release|Any CPU.ActiveCfg = Release|Any CPU
		{9DAE2031-AF05-470B-B0F7-C331500D5CD0}.Release|Any CPU.Build.0 = Release|Any CPU
		{E12A9E62-3561-4F34-95A4-C2C5964E29F4}.Debug|Any CPU.ActiveCfg = Debug|Any CPU
		{E12A9E62-3561-4F34-95A4-C2C5964E29F4}.Debug|Any CPU.Build.0 = Debug|Any CPU
		{E12A9E62-3561-4F34-95A4-C2C5964E29F4}.Release|Any CPU.ActiveCfg = Release|Any CPU
		{E12A9E62-3561-4F34-95A4-C2C5964E29F4}.Release|Any CPU.Build.0 = Release|Any CPU
		{FEC5BACC-5FC5-41F4-B293-26E6590B438A}.Debug|Any CPU.ActiveCfg = Debug|Any CPU
		{FEC5BACC-5FC5-41F4-B293-26E6590B438A}.Debug|Any CPU.Build.0 = Debug|Any CPU
		{FEC5BACC-5FC5-41F4-B293-26E6590B438A}.Release|Any CPU.ActiveCfg = Release|Any CPU
		{FEC5BACC-5FC5-41F4-B293-26E6590B438A}.Release|Any CPU.Build.0 = Release|Any CPU
		{804B9ECB-C38C-4037-9275-5A0AAD5AA770}.Debug|Any CPU.ActiveCfg = Debug|Any CPU
		{804B9ECB-C38C-4037-9275-5A0AAD5AA770}.Debug|Any CPU.Build.0 = Debug|Any CPU
		{804B9ECB-C38C-4037-9275-5A0AAD5AA770}.Release|Any CPU.ActiveCfg = Release|Any CPU
		{804B9ECB-C38C-4037-9275-5A0AAD5AA770}.Release|Any CPU.Build.0 = Release|Any CPU
		{0EB771E5-1635-4F8C-872A-E0DA26C8E3CB}.Debug|Any CPU.ActiveCfg = Debug|Any CPU
		{0EB771E5-1635-4F8C-872A-E0DA26C8E3CB}.Debug|Any CPU.Build.0 = Debug|Any CPU
		{0EB771E5-1635-4F8C-872A-E0DA26C8E3CB}.Release|Any CPU.ActiveCfg = Release|Any CPU
		{0EB771E5-1635-4F8C-872A-E0DA26C8E3CB}.Release|Any CPU.Build.0 = Release|Any CPU
		{1541BB35-0F11-4B2B-9D31-6520F77C495E}.Debug|Any CPU.ActiveCfg = Debug|Any CPU
		{1541BB35-0F11-4B2B-9D31-6520F77C495E}.Debug|Any CPU.Build.0 = Debug|Any CPU
		{1541BB35-0F11-4B2B-9D31-6520F77C495E}.Release|Any CPU.ActiveCfg = Release|Any CPU
		{1541BB35-0F11-4B2B-9D31-6520F77C495E}.Release|Any CPU.Build.0 = Release|Any CPU
		{35C1990D-BA14-4697-93F3-11820293875B}.Debug|Any CPU.ActiveCfg = Debug|Any CPU
		{35C1990D-BA14-4697-93F3-11820293875B}.Debug|Any CPU.Build.0 = Debug|Any CPU
		{35C1990D-BA14-4697-93F3-11820293875B}.Release|Any CPU.ActiveCfg = Release|Any CPU
		{35C1990D-BA14-4697-93F3-11820293875B}.Release|Any CPU.Build.0 = Release|Any CPU
	EndGlobalSection
	GlobalSection(SolutionProperties) = preSolution
		HideSolutionNode = FALSE
	EndGlobalSection
	GlobalSection(ExtensibilityGlobals) = postSolution
		SolutionGuid = {7BA0D0E2-7122-4FCF-AC47-55EB727B6E83}
	EndGlobalSection
EndGlobal
